// !$*UTF8*$!
{
	archiveVersion = 1;
	classes = {
	};
	objectVersion = 77;
	objects = {

/* Begin PBXBuildFile section */
		8F596F562E27D18A00178F17 /* RealmSwift in Frameworks */ = {isa = PBXBuildFile; productRef = 8F596F552E27D18A00178F17 /* RealmSwift */; };
/* End PBXBuildFile section */

/* Begin PBXContainerItemProxy section */
		8F169ED62E259F1800124956 /* PBXContainerItemProxy */ = {
			isa = PBXContainerItemProxy;
			containerPortal = 8F169EC02E259F1600124956 /* Project object */;
			proxyType = 1;
			remoteGlobalIDString = 8F169EC72E259F1600124956;
			remoteInfo = PruebaInterrapidisimo;
		};
		8F169EE02E259F1800124956 /* PBXContainerItemProxy */ = {
			isa = PBXContainerItemProxy;
			containerPortal = 8F169EC02E259F1600124956 /* Project object */;
			proxyType = 1;
			remoteGlobalIDString = 8F169EC72E259F1600124956;
			remoteInfo = PruebaInterrapidisimo;
		};
/* End PBXContainerItemProxy section */

/* Begin PBXFileReference section */
		8F169EC82E259F1600124956 /* PruebaInterrapidisimo.app */ = {isa = PBXFileReference; explicitFileType = wrapper.application; includeInIndex = 0; path = PruebaInterrapidisimo.app; sourceTree = BUILT_PRODUCTS_DIR; };
		8F169ED52E259F1800124956 /* PruebaInterrapidisimoTests.xctest */ = {isa = PBXFileReference; explicitFileType = wrapper.cfbundle; includeInIndex = 0; path = PruebaInterrapidisimoTests.xctest; sourceTree = BUILT_PRODUCTS_DIR; };
		8F169EDF2E259F1800124956 /* PruebaInterrapidisimoUITests.xctest */ = {isa = PBXFileReference; explicitFileType = wrapper.cfbundle; includeInIndex = 0; path = PruebaInterrapidisimoUITests.xctest; sourceTree = BUILT_PRODUCTS_DIR; };
/* End PBXFileReference section */

/* Begin PBXFileSystemSynchronizedRootGroup section */
		8F169ECA2E259F1600124956 /* PruebaInterrapidisimo */ = {
			isa = PBXFileSystemSynchronizedRootGroup;
			path = PruebaInterrapidisimo;
			sourceTree = "<group>";
		};
		8F169ED82E259F1800124956 /* PruebaInterrapidisimoTests */ = {
			isa = PBXFileSystemSynchronizedRootGroup;
			path = PruebaInterrapidisimoTests;
			sourceTree = "<group>";
		};
		8F169EE22E259F1800124956 /* PruebaInterrapidisimoUITests */ = {
			isa = PBXFileSystemSynchronizedRootGroup;
			path = PruebaInterrapidisimoUITests;
			sourceTree = "<group>";
		};
/* End PBXFileSystemSynchronizedRootGroup section */

/* Begin PBXFrameworksBuildPhase section */
		8F169EC52E259F1600124956 /* Frameworks */ = {
			isa = PBXFrameworksBuildPhase;
			buildActionMask = 2147483647;
			files = (
				8F596F562E27D18A00178F17 /* RealmSwift in Frameworks */,
			);
			runOnlyForDeploymentPostprocessing = 0;
		};
		8F169ED22E259F1800124956 /* Frameworks */ = {
			isa = PBXFrameworksBuildPhase;
			buildActionMask = 2147483647;
			files = (
			);
			runOnlyForDeploymentPostprocessing = 0;
		};
		8F169EDC2E259F1800124956 /* Frameworks */ = {
			isa = PBXFrameworksBuildPhase;
			buildActionMask = 2147483647;
			files = (
			);
			runOnlyForDeploymentPostprocessing = 0;
		};
/* End PBXFrameworksBuildPhase section */

/* Begin PBXGroup section */
		8F169EBF2E259F1600124956 = {
			isa = PBXGroup;
			children = (
				8F169ECA2E259F1600124956 /* PruebaInterrapidisimo */,
				8F169ED82E259F1800124956 /* PruebaInterrapidisimoTests */,
				8F169EE22E259F1800124956 /* PruebaInterrapidisimoUITests */,
				8F169EC92E259F1600124956 /* Products */,
			);
			sourceTree = "<group>";
		};
		8F169EC92E259F1600124956 /* Products */ = {
			isa = PBXGroup;
			children = (
				8F169EC82E259F1600124956 /* PruebaInterrapidisimo.app */,
				8F169ED52E259F1800124956 /* PruebaInterrapidisimoTests.xctest */,
				8F169EDF2E259F1800124956 /* PruebaInterrapidisimoUITests.xctest */,
			);
			name = Products;
			sourceTree = "<group>";
		};
/* End PBXGroup section */

/* Begin PBXNativeTarget section */
		8F169EC72E259F1600124956 /* PruebaInterrapidisimo */ = {
			isa = PBXNativeTarget;
			buildConfigurationList = 8F169EE92E259F1800124956 /* Build configuration list for PBXNativeTarget "PruebaInterrapidisimo" */;
			buildPhases = (
				8F169EC42E259F1600124956 /* Sources */,
				8F169EC52E259F1600124956 /* Frameworks */,
				8F169EC62E259F1600124956 /* Resources */,
			);
			buildRules = (
			);
			dependencies = (
			);
			fileSystemSynchronizedGroups = (
				8F169ECA2E259F1600124956 /* PruebaInterrapidisimo */,
			);
			name = PruebaInterrapidisimo;
			packageProductDependencies = (
				8F596F552E27D18A00178F17 /* RealmSwift */,
			);
			productName = PruebaInterrapidisimo;
			productReference = 8F169EC82E259F1600124956 /* PruebaInterrapidisimo.app */;
			productType = "com.apple.product-type.application";
		};
		8F169ED42E259F1800124956 /* PruebaInterrapidisimoTests */ = {
			isa = PBXNativeTarget;
			buildConfigurationList = 8F169EEC2E259F1800124956 /* Build configuration list for PBXNativeTarget "PruebaInterrapidisimoTests" */;
			buildPhases = (
				8F169ED12E259F1800124956 /* Sources */,
				8F169ED22E259F1800124956 /* Frameworks */,
				8F169ED32E259F1800124956 /* Resources */,
			);
			buildRules = (
			);
			dependencies = (
				8F169ED72E259F1800124956 /* PBXTargetDependency */,
			);
			fileSystemSynchronizedGroups = (
				8F169ED82E259F1800124956 /* PruebaInterrapidisimoTests */,
			);
			name = PruebaInterrapidisimoTests;
			packageProductDependencies = (
			);
			productName = PruebaInterrapidisimoTests;
			productReference = 8F169ED52E259F1800124956 /* PruebaInterrapidisimoTests.xctest */;
			productType = "com.apple.product-type.bundle.unit-test";
		};
		8F169EDE2E259F1800124956 /* PruebaInterrapidisimoUITests */ = {
			isa = PBXNativeTarget;
			buildConfigurationList = 8F169EEF2E259F1800124956 /* Build configuration list for PBXNativeTarget "PruebaInterrapidisimoUITests" */;
			buildPhases = (
				8F169EDB2E259F1800124956 /* Sources */,
				8F169EDC2E259F1800124956 /* Frameworks */,
				8F169EDD2E259F1800124956 /* Resources */,
			);
			buildRules = (
			);
			dependencies = (
				8F169EE12E259F1800124956 /* PBXTargetDependency */,
			);
			fileSystemSynchronizedGroups = (
				8F169EE22E259F1800124956 /* PruebaInterrapidisimoUITests */,
			);
			name = PruebaInterrapidisimoUITests;
			packageProductDependencies = (
			);
			productName = PruebaInterrapidisimoUITests;
			productReference = 8F169EDF2E259F1800124956 /* PruebaInterrapidisimoUITests.xctest */;
			productType = "com.apple.product-type.bundle.ui-testing";
		};
/* End PBXNativeTarget section */

/* Begin PBXProject section */
		8F169EC02E259F1600124956 /* Project object */ = {
			isa = PBXProject;
			attributes = {
				BuildIndependentTargetsInParallel = 1;
				LastSwiftUpdateCheck = 1640;
				LastUpgradeCheck = 1640;
				TargetAttributes = {
					8F169EC72E259F1600124956 = {
						CreatedOnToolsVersion = 16.4;
					};
					8F169ED42E259F1800124956 = {
						CreatedOnToolsVersion = 16.4;
						TestTargetID = 8F169EC72E259F1600124956;
					};
					8F169EDE2E259F1800124956 = {
						CreatedOnToolsVersion = 16.4;
						TestTargetID = 8F169EC72E259F1600124956;
					};
				};
			};
			buildConfigurationList = 8F169EC32E259F1600124956 /* Build configuration list for PBXProject "PruebaInterrapidisimo" */;
			developmentRegion = en;
			hasScannedForEncodings = 0;
			knownRegions = (
				en,
				Base,
			);
			mainGroup = 8F169EBF2E259F1600124956;
			minimizedProjectReferenceProxies = 1;
			packageReferences = (
				8F596F542E27D18A00178F17 /* XCRemoteSwiftPackageReference "realm-swift" */,
			);
			preferredProjectObjectVersion = 77;
			productRefGroup = 8F169EC92E259F1600124956 /* Products */;
			projectDirPath = "";
			projectRoot = "";
			targets = (
				8F169EC72E259F1600124956 /* PruebaInterrapidisimo */,
				8F169ED42E259F1800124956 /* PruebaInterrapidisimoTests */,
				8F169EDE2E259F1800124956 /* PruebaInterrapidisimoUITests */,
			);
		};
/* End PBXProject section */

/* Begin PBXResourcesBuildPhase section */
		8F169EC62E259F1600124956 /* Resources */ = {
			isa = PBXResourcesBuildPhase;
			buildActionMask = 2147483647;
			files = (
			);
			runOnlyForDeploymentPostprocessing = 0;
		};
		8F169ED32E259F1800124956 /* Resources */ = {
			isa = PBXResourcesBuildPhase;
			buildActionMask = 2147483647;
			files = (
			);
			runOnlyForDeploymentPostprocessing = 0;
		};
		8F169EDD2E259F1800124956 /* Resources */ = {
			isa = PBXResourcesBuildPhase;
			buildActionMask = 2147483647;
			files = (
			);
			runOnlyForDeploymentPostprocessing = 0;
		};
/* End PBXResourcesBuildPhase section */

/* Begin PBXSourcesBuildPhase section */
		8F169EC42E259F1600124956 /* Sources */ = {
			isa = PBXSourcesBuildPhase;
			buildActionMask = 2147483647;
			files = (
			);
			runOnlyForDeploymentPostprocessing = 0;
		};
		8F169ED12E259F1800124956 /* Sources */ = {
			isa = PBXSourcesBuildPhase;
			buildActionMask = 2147483647;
			files = (
			);
			runOnlyForDeploymentPostprocessing = 0;
		};
		8F169EDB2E259F1800124956 /* Sources */ = {
			isa = PBXSourcesBuildPhase;
			buildActionMask = 2147483647;
			files = (
			);
			runOnlyForDeploymentPostprocessing = 0;
		};
/* End PBXSourcesBuildPhase section */

/* Begin PBXTargetDependency section */
		8F169ED72E259F1800124956 /* PBXTargetDependency */ = {
			isa = PBXTargetDependency;
			target = 8F169EC72E259F1600124956 /* PruebaInterrapidisimo */;
			targetProxy = 8F169ED62E259F1800124956 /* PBXContainerItemProxy */;
		};
		8F169EE12E259F1800124956 /* PBXTargetDependency */ = {
			isa = PBXTargetDependency;
			target = 8F169EC72E259F1600124956 /* PruebaInterrapidisimo */;
			targetProxy = 8F169EE02E259F1800124956 /* PBXContainerItemProxy */;
		};
/* End PBXTargetDependency section */

/* Begin XCBuildConfiguration section */
		8F169EE72E259F1800124956 /* Debug */ = {
			isa = XCBuildConfiguration;
			buildSettings = {
				ALWAYS_SEARCH_USER_PATHS = NO;
				ASSETCATALOG_COMPILER_GENERATE_SWIFT_ASSET_SYMBOL_EXTENSIONS = YES;
				CLANG_ANALYZER_NONNULL = YES;
				CLANG_ANALYZER_NUMBER_OBJECT_CONVERSION = YES_AGGRESSIVE;
				CLANG_CXX_LANGUAGE_STANDARD = "gnu++20";
				CLANG_ENABLE_MODULES = YES;
				CLANG_ENABLE_OBJC_ARC = YES;
				CLANG_ENABLE_OBJC_WEAK = YES;
				CLANG_WARN_BLOCK_CAPTURE_AUTORELEASING = YES;
				CLANG_WARN_BOOL_CONVERSION = YES;
				CLANG_WARN_COMMA = YES;
				CLANG_WARN_CONSTANT_CONVERSION = YES;
				CLANG_WARN_DEPRECATED_OBJC_IMPLEMENTATIONS = YES;
				CLANG_WARN_DIRECT_OBJC_ISA_USAGE = YES_ERROR;
				CLANG_WARN_DOCUMENTATION_COMMENTS = YES;
				CLANG_WARN_EMPTY_BODY = YES;
				CLANG_WARN_ENUM_CONVERSION = YES;
				CLANG_WARN_INFINITE_RECURSION = YES;
				CLANG_WARN_INT_CONVERSION = YES;
				CLANG_WARN_NON_LITERAL_NULL_CONVERSION = YES;
				CLANG_WARN_OBJC_IMPLICIT_RETAIN_SELF = YES;
				CLANG_WARN_OBJC_LITERAL_CONVERSION = YES;
				CLANG_WARN_OBJC_ROOT_CLASS = YES_ERROR;
				CLANG_WARN_QUOTED_INCLUDE_IN_FRAMEWORK_HEADER = YES;
				CLANG_WARN_RANGE_LOOP_ANALYSIS = YES;
				CLANG_WARN_STRICT_PROTOTYPES = YES;
				CLANG_WARN_SUSPICIOUS_MOVE = YES;
				CLANG_WARN_UNGUARDED_AVAILABILITY = YES_AGGRESSIVE;
				CLANG_WARN_UNREACHABLE_CODE = YES;
				CLANG_WARN__DUPLICATE_METHOD_MATCH = YES;
				COPY_PHASE_STRIP = NO;
				DEBUG_INFORMATION_FORMAT = dwarf;
				DEVELOPMENT_TEAM = T98YKXK5TT;
				ENABLE_STRICT_OBJC_MSGSEND = YES;
				ENABLE_TESTABILITY = YES;
				ENABLE_USER_SCRIPT_SANDBOXING = YES;
				GCC_C_LANGUAGE_STANDARD = gnu17;
				GCC_DYNAMIC_NO_PIC = NO;
				GCC_NO_COMMON_BLOCKS = YES;
				GCC_OPTIMIZATION_LEVEL = 0;
				GCC_PREPROCESSOR_DEFINITIONS = (
					"DEBUG=1",
					"$(inherited)",
				);
				GCC_WARN_64_TO_32_BIT_CONVERSION = YES;
				GCC_WARN_ABOUT_RETURN_TYPE = YES_ERROR;
				GCC_WARN_UNDECLARED_SELECTOR = YES;
				GCC_WARN_UNINITIALIZED_AUTOS = YES_AGGRESSIVE;
				GCC_WARN_UNUSED_FUNCTION = YES;
				GCC_WARN_UNUSED_VARIABLE = YES;
				IPHONEOS_DEPLOYMENT_TARGET = 18.5;
				LOCALIZATION_PREFERS_STRING_CATALOGS = YES;
				MTL_ENABLE_DEBUG_INFO = INCLUDE_SOURCE;
				MTL_FAST_MATH = YES;
				ONLY_ACTIVE_ARCH = YES;
				SDKROOT = iphoneos;
				SWIFT_ACTIVE_COMPILATION_CONDITIONS = "DEBUG $(inherited)";
				SWIFT_OPTIMIZATION_LEVEL = "-Onone";
			};
			name = Debug;
		};
		8F169EE82E259F1800124956 /* Release */ = {
			isa = XCBuildConfiguration;
			buildSettings = {
				ALWAYS_SEARCH_USER_PATHS = NO;
				ASSETCATALOG_COMPILER_GENERATE_SWIFT_ASSET_SYMBOL_EXTENSIONS = YES;
				CLANG_ANALYZER_NONNULL = YES;
				CLANG_ANALYZER_NUMBER_OBJECT_CONVERSION = YES_AGGRESSIVE;
				CLANG_CXX_LANGUAGE_STANDARD = "gnu++20";
				CLANG_ENABLE_MODULES = YES;
				CLANG_ENABLE_OBJC_ARC = YES;
				CLANG_ENABLE_OBJC_WEAK = YES;
				CLANG_WARN_BLOCK_CAPTURE_AUTORELEASING = YES;
				CLANG_WARN_BOOL_CONVERSION = YES;
				CLANG_WARN_COMMA = YES;
				CLANG_WARN_CONSTANT_CONVERSION = YES;
				CLANG_WARN_DEPRECATED_OBJC_IMPLEMENTATIONS = YES;
				CLANG_WARN_DIRECT_OBJC_ISA_USAGE = YES_ERROR;
				CLANG_WARN_DOCUMENTATION_COMMENTS = YES;
				CLANG_WARN_EMPTY_BODY = YES;
				CLANG_WARN_ENUM_CONVERSION = YES;
				CLANG_WARN_INFINITE_RECURSION = YES;
				CLANG_WARN_INT_CONVERSION = YES;
				CLANG_WARN_NON_LITERAL_NULL_CONVERSION = YES;
				CLANG_WARN_OBJC_IMPLICIT_RETAIN_SELF = YES;
				CLANG_WARN_OBJC_LITERAL_CONVERSION = YES;
				CLANG_WARN_OBJC_ROOT_CLASS = YES_ERROR;
				CLANG_WARN_QUOTED_INCLUDE_IN_FRAMEWORK_HEADER = YES;
				CLANG_WARN_RANGE_LOOP_ANALYSIS = YES;
				CLANG_WARN_STRICT_PROTOTYPES = YES;
				CLANG_WARN_SUSPICIOUS_MOVE = YES;
				CLANG_WARN_UNGUARDED_AVAILABILITY = YES_AGGRESSIVE;
				CLANG_WARN_UNREACHABLE_CODE = YES;
				CLANG_WARN__DUPLICATE_METHOD_MATCH = YES;
				COPY_PHASE_STRIP = NO;
				DEBUG_INFORMATION_FORMAT = "dwarf-with-dsym";
				DEVELOPMENT_TEAM = T98YKXK5TT;
				ENABLE_NS_ASSERTIONS = NO;
				ENABLE_STRICT_OBJC_MSGSEND = YES;
				ENABLE_USER_SCRIPT_SANDBOXING = YES;
				GCC_C_LANGUAGE_STANDARD = gnu17;
				GCC_NO_COMMON_BLOCKS = YES;
				GCC_WARN_64_TO_32_BIT_CONVERSION = YES;
				GCC_WARN_ABOUT_RETURN_TYPE = YES_ERROR;
				GCC_WARN_UNDECLARED_SELECTOR = YES;
				GCC_WARN_UNINITIALIZED_AUTOS = YES_AGGRESSIVE;
				GCC_WARN_UNUSED_FUNCTION = YES;
				GCC_WARN_UNUSED_VARIABLE = YES;
				IPHONEOS_DEPLOYMENT_TARGET = 18.5;
				LOCALIZATION_PREFERS_STRING_CATALOGS = YES;
				MTL_ENABLE_DEBUG_INFO = NO;
				MTL_FAST_MATH = YES;
				SDKROOT = iphoneos;
				SWIFT_COMPILATION_MODE = wholemodule;
				VALIDATE_PRODUCT = YES;
			};
			name = Release;
		};
		8F169EEA2E259F1800124956 /* Debug */ = {
			isa = XCBuildConfiguration;
			buildSettings = {
				ASSETCATALOG_COMPILER_APPICON_NAME = AppIcon;
				ASSETCATALOG_COMPILER_GLOBAL_ACCENT_COLOR_NAME = AccentColor;
				CODE_SIGN_STYLE = Automatic;
				CURRENT_PROJECT_VERSION = 1;
				DEVELOPMENT_TEAM = T98YKXK5TT;
				ENABLE_PREVIEWS = YES;
				GENERATE_INFOPLIST_FILE = YES;
				INFOPLIST_KEY_UIApplicationSceneManifest_Generation = YES;
				INFOPLIST_KEY_UIApplicationSupportsIndirectInputEvents = YES;
				INFOPLIST_KEY_UILaunchScreen_Generation = YES;
				INFOPLIST_KEY_UISupportedInterfaceOrientations_iPad = "UIInterfaceOrientationPortrait UIInterfaceOrientationPortraitUpsideDown UIInterfaceOrientationLandscapeLeft UIInterfaceOrientationLandscapeRight";
				INFOPLIST_KEY_UISupportedInterfaceOrientations_iPhone = "UIInterfaceOrientationPortrait UIInterfaceOrientationLandscapeLeft UIInterfaceOrientationLandscapeRight";
				LD_RUNPATH_SEARCH_PATHS = (
					"$(inherited)",
					"@executable_path/Frameworks",
				);
				MARKETING_VERSION = 1;
				PRODUCT_BUNDLE_IDENTIFIER = com.acorjuelah.PruebaInterrapidisimo;
				PRODUCT_NAME = "$(TARGET_NAME)";
				SWIFT_EMIT_LOC_STRINGS = YES;
				SWIFT_VERSION = 5.0;
				TARGETED_DEVICE_FAMILY = "1,2";
			};
			name = Debug;
		};
		8F169EEB2E259F1800124956 /* Release */ = {
			isa = XCBuildConfiguration;
			buildSettings = {
				ASSETCATALOG_COMPILER_APPICON_NAME = AppIcon;
				ASSETCATALOG_COMPILER_GLOBAL_ACCENT_COLOR_NAME = AccentColor;
				CODE_SIGN_STYLE = Automatic;
				CURRENT_PROJECT_VERSION = 1;
				DEVELOPMENT_TEAM = T98YKXK5TT;
				ENABLE_PREVIEWS = YES;
				GENERATE_INFOPLIST_FILE = YES;
				INFOPLIST_KEY_UIApplicationSceneManifest_Generation = YES;
				INFOPLIST_KEY_UIApplicationSupportsIndirectInputEvents = YES;
				INFOPLIST_KEY_UILaunchScreen_Generation = YES;
				INFOPLIST_KEY_UISupportedInterfaceOrientations_iPad = "UIInterfaceOrientationPortrait UIInterfaceOrientationPortraitUpsideDown UIInterfaceOrientationLandscapeLeft UIInterfaceOrientationLandscapeRight";
				INFOPLIST_KEY_UISupportedInterfaceOrientations_iPhone = "UIInterfaceOrientationPortrait UIInterfaceOrientationLandscapeLeft UIInterfaceOrientationLandscapeRight";
				LD_RUNPATH_SEARCH_PATHS = (
					"$(inherited)",
					"@executable_path/Frameworks",
				);
				MARKETING_VERSION = 1;
				PRODUCT_BUNDLE_IDENTIFIER = com.acorjuelah.PruebaInterrapidisimo;
				PRODUCT_NAME = "$(TARGET_NAME)";
				SWIFT_EMIT_LOC_STRINGS = YES;
				SWIFT_VERSION = 5.0;
				TARGETED_DEVICE_FAMILY = "1,2";
			};
			name = Release;
		};
		8F169EED2E259F1800124956 /* Debug */ = {
			isa = XCBuildConfiguration;
			buildSettings = {
				BUNDLE_LOADER = "$(TEST_HOST)";
				CODE_SIGN_STYLE = Automatic;
				CURRENT_PROJECT_VERSION = 1;
				DEVELOPMENT_TEAM = T98YKXK5TT;
				GENERATE_INFOPLIST_FILE = YES;
				IPHONEOS_DEPLOYMENT_TARGET = 18.5;
				MARKETING_VERSION = 1.0;
				PRODUCT_BUNDLE_IDENTIFIER = com.acorjuelah.PruebaInterrapidisimoTests;
				PRODUCT_NAME = "$(TARGET_NAME)";
				SWIFT_EMIT_LOC_STRINGS = NO;
				SWIFT_VERSION = 5.0;
				TARGETED_DEVICE_FAMILY = "1,2";
				TEST_HOST = "$(BUILT_PRODUCTS_DIR)/PruebaInterrapidisimo.app/$(BUNDLE_EXECUTABLE_FOLDER_PATH)/PruebaInterrapidisimo";
			};
			name = Debug;
		};
		8F169EEE2E259F1800124956 /* Release */ = {
			isa = XCBuildConfiguration;
			buildSettings = {
				BUNDLE_LOADER = "$(TEST_HOST)";
				CODE_SIGN_STYLE = Automatic;
				CURRENT_PROJECT_VERSION = 1;
				DEVELOPMENT_TEAM = T98YKXK5TT;
				GENERATE_INFOPLIST_FILE = YES;
				IPHONEOS_DEPLOYMENT_TARGET = 18.5;
				MARKETING_VERSION = 1.0;
				PRODUCT_BUNDLE_IDENTIFIER = com.acorjuelah.PruebaInterrapidisimoTests;
				PRODUCT_NAME = "$(TARGET_NAME)";
				SWIFT_EMIT_LOC_STRINGS = NO;
				SWIFT_VERSION = 5.0;
				TARGETED_DEVICE_FAMILY = "1,2";
				TEST_HOST = "$(BUILT_PRODUCTS_DIR)/PruebaInterrapidisimo.app/$(BUNDLE_EXECUTABLE_FOLDER_PATH)/PruebaInterrapidisimo";
			};
			name = Release;
		};
		8F169EF02E259F1800124956 /* Debug */ = {
			isa = XCBuildConfiguration;
			buildSettings = {
				CODE_SIGN_STYLE = Automatic;
				CURRENT_PROJECT_VERSION = 1;
				DEVELOPMENT_TEAM = T98YKXK5TT;
				GENERATE_INFOPLIST_FILE = YES;
				MARKETING_VERSION = 1.0;
				PRODUCT_BUNDLE_IDENTIFIER = com.acorjuelah.PruebaInterrapidisimoUITests;
				PRODUCT_NAME = "$(TARGET_NAME)";
				SWIFT_EMIT_LOC_STRINGS = NO;
				SWIFT_VERSION = 5.0;
				TARGETED_DEVICE_FAMILY = "1,2";
				TEST_TARGET_NAME = PruebaInterrapidisimo;
			};
			name = Debug;
		};
		8F169EF12E259F1800124956 /* Release */ = {
			isa = XCBuildConfiguration;
			buildSettings = {
				CODE_SIGN_STYLE = Automatic;
				CURRENT_PROJECT_VERSION = 1;
				DEVELOPMENT_TEAM = T98YKXK5TT;
				GENERATE_INFOPLIST_FILE = YES;
				MARKETING_VERSION = 1.0;
				PRODUCT_BUNDLE_IDENTIFIER = com.acorjuelah.PruebaInterrapidisimoUITests;
				PRODUCT_NAME = "$(TARGET_NAME)";
				SWIFT_EMIT_LOC_STRINGS = NO;
				SWIFT_VERSION = 5.0;
				TARGETED_DEVICE_FAMILY = "1,2";
				TEST_TARGET_NAME = PruebaInterrapidisimo;
			};
			name = Release;
		};
/* End XCBuildConfiguration section */

/* Begin XCConfigurationList section */
		8F169EC32E259F1600124956 /* Build configuration list for PBXProject "PruebaInterrapidisimo" */ = {
			isa = XCConfigurationList;
			buildConfigurations = (
				8F169EE72E259F1800124956 /* Debug */,
				8F169EE82E259F1800124956 /* Release */,
			);
			defaultConfigurationIsVisible = 0;
			defaultConfigurationName = Release;
		};
		8F169EE92E259F1800124956 /* Build configuration list for PBXNativeTarget "PruebaInterrapidisimo" */ = {
			isa = XCConfigurationList;
			buildConfigurations = (
				8F169EEA2E259F1800124956 /* Debug */,
				8F169EEB2E259F1800124956 /* Release */,
			);
			defaultConfigurationIsVisible = 0;
			defaultConfigurationName = Release;
		};
		8F169EEC2E259F1800124956 /* Build configuration list for PBXNativeTarget "PruebaInterrapidisimoTests" */ = {
			isa = XCConfigurationList;
			buildConfigurations = (
				8F169EED2E259F1800124956 /* Debug */,
				8F169EEE2E259F1800124956 /* Release */,
			);
			defaultConfigurationIsVisible = 0;
			defaultConfigurationName = Release;
		};
		8F169EEF2E259F1800124956 /* Build configuration list for PBXNativeTarget "PruebaInterrapidisimoUITests" */ = {
			isa = XCConfigurationList;
			buildConfigurations = (
				8F169EF02E259F1800124956 /* Debug */,
				8F169EF12E259F1800124956 /* Release */,
			);
			defaultConfigurationIsVisible = 0;
			defaultConfigurationName = Release;
		};
/* End XCConfigurationList section */

/* Begin XCRemoteSwiftPackageReference section */
		8F596F542E27D18A00178F17 /* XCRemoteSwiftPackageReference "realm-swift" */ = {
			isa = XCRemoteSwiftPackageReference;
			repositoryURL = "https://github.com/realm/realm-swift.git";
			requirement = {
				branch = master;
				kind = branch;
			};
		};
/* End XCRemoteSwiftPackageReference section */

/* Begin XCSwiftPackageProductDependency section */
		8F596F552E27D18A00178F17 /* RealmSwift */ = {
			isa = XCSwiftPackageProductDependency;
			package = 8F596F542E27D18A00178F17 /* XCRemoteSwiftPackageReference "realm-swift" */;
			productName = RealmSwift;
		};
/* End XCSwiftPackageProductDependency section */
	};
	rootObject = 8F169EC02E259F1600124956 /* Project object */;
}
